{
    "_readme": [
        "This file locks the dependencies of your project to a known state",
        "Read more about it at https://getcomposer.org/doc/01-basic-usage.md#composer-lock-the-lock-file",
        "This file is @generated automatically"
    ],
    "hash": "9d424665999c6608260a0202fe5c34dd",
    "content-hash": "c40542478602008346b98a14caaeb75d",
    "packages": [
        {
            "name": "matthiasmullie/minify",
            "version": "1.3.38",
            "source": {
                "type": "git",
                "url": "https://github.com/matthiasmullie/minify.git",
                "reference": "de4bcf23b6a3291bd828ce800aab834304eb50c5"
            },
            "dist": {
                "type": "zip",
                "url": "https://api.github.com/repos/matthiasmullie/minify/zipball/de4bcf23b6a3291bd828ce800aab834304eb50c5",
                "reference": "de4bcf23b6a3291bd828ce800aab834304eb50c5",
                "shasum": ""
            },
            "require": {
                "ext-pcre": "*",
                "matthiasmullie/path-converter": "~1.0",
                "php": ">=5.3.0"
            },
            "require-dev": {
                "matthiasmullie/scrapbook": "~1.0",
                "phpunit/phpunit": "~4.8"
            },
            "bin": [
                "bin/minifycss",
                "bin/minifyjs"
            ],
            "type": "library",
            "autoload": {
                "psr-4": {
                    "MatthiasMullie\\Minify\\": "src/"
                }
            },
            "notification-url": "https://packagist.org/downloads/",
            "license": [
                "MIT"
            ],
            "authors": [
                {
                    "name": "Matthias Mullie",
                    "email": "minify@mullie.eu",
                    "homepage": "http://www.mullie.eu",
                    "role": "Developer"
                }
            ],
            "description": "CSS & JS minifier",
            "homepage": "http://www.minifier.org",
            "keywords": [
                "JS",
                "css",
                "javascript",
                "minifier",
                "minify"
            ],
            "time": "2016-10-13 11:49:22"
        },
        {
            "name": "matthiasmullie/path-converter",
            "version": "1.0.8",
            "source": {
                "type": "git",
                "url": "https://github.com/matthiasmullie/path-converter.git",
                "reference": "7c36e5cafa95dd20008d19b153b506cffa8c2848"
            },
            "dist": {
                "type": "zip",
                "url": "https://api.github.com/repos/matthiasmullie/path-converter/zipball/7c36e5cafa95dd20008d19b153b506cffa8c2848",
                "reference": "7c36e5cafa95dd20008d19b153b506cffa8c2848",
                "shasum": ""
            },
            "require": {
                "ext-pcre": "*",
                "php": ">=5.3.0"
            },
            "require-dev": {
                "phpunit/phpunit": "~4.8"
            },
            "type": "library",
            "autoload": {
                "psr-4": {
                    "MatthiasMullie\\PathConverter\\": "src/"
                }
            },
            "notification-url": "https://packagist.org/downloads/",
            "license": [
                "MIT"
            ],
            "authors": [
                {
                    "name": "Matthias Mullie",
                    "email": "pathconverter@mullie.eu",
                    "homepage": "http://www.mullie.eu",
                    "role": "Developer"
                }
            ],
            "description": "Relative path converter",
            "homepage": "http://github.com/matthiasmullie/path-converter",
            "keywords": [
                "converter",
                "path",
                "paths",
                "relative"
            ],
            "time": "2016-04-27 10:38:05"
        },
        {
            "name": "oyejorge/less.php",
            "version": "v1.7.0.10",
            "source": {
                "type": "git",
                "url": "https://github.com/oyejorge/less.php.git",
                "reference": "a1e2d3c20794b37ac4d0baeb24613e579584033b"
            },
            "dist": {
                "type": "zip",
                "url": "https://api.github.com/repos/oyejorge/less.php/zipball/a1e2d3c20794b37ac4d0baeb24613e579584033b",
                "reference": "a1e2d3c20794b37ac4d0baeb24613e579584033b",
                "shasum": ""
            },
            "require": {
                "php": ">=5.3"
            },
            "require-dev": {
                "phpunit/phpunit": "~4.8.18"
            },
            "bin": [
                "bin/lessc"
            ],
            "type": "library",
            "autoload": {
                "psr-0": {
                    "Less": "lib/"
                },
                "classmap": [
                    "lessc.inc.php"
                ]
            },
            "notification-url": "https://packagist.org/downloads/",
            "license": [
                "Apache-2.0"
            ],
            "authors": [
                {
                    "name": "Matt Agar",
                    "homepage": "https://github.com/agar"
                },
                {
                    "name": "Martin Jantošovič",
                    "homepage": "https://github.com/Mordred"
                },
                {
                    "name": "Josh Schmidt",
                    "homepage": "https://github.com/oyejorge"
                }
            ],
            "description": "PHP port of the Javascript version of LESS http://lesscss.org",
            "homepage": "http://lessphp.gpeasy.com",
            "keywords": [
                "css",
                "less",
                "less.js",
                "lesscss",
                "php",
                "stylesheet"
            ],
            "time": "2015-12-30 05:47:36"
        },
        {
            "name": "panique/pdo-debug",
            "version": "0.2",
            "source": {
                "type": "git",
                "url": "https://github.com/panique/pdo-debug.git",
                "reference": "1a07fed45fab32d0b21364b92657faffdd72320f"
            },
            "dist": {
                "type": "zip",
                "url": "https://api.github.com/repos/panique/pdo-debug/zipball/1a07fed45fab32d0b21364b92657faffdd72320f",
                "reference": "1a07fed45fab32d0b21364b92657faffdd72320f",
                "shasum": ""
            },
            "type": "library",
            "autoload": {
                "files": [
                    "pdo-debug.php"
                ]
            },
            "notification-url": "https://packagist.org/downloads/",
            "license": [
                "MIT"
            ],
            "authors": [
                {
                    "name": "Panique",
                    "role": "Developer"
                }
            ],
            "description": "A super-simple function that returns the full SQL query from your PDO statements",
            "homepage": "https://github.com/panique/pdo-debug",
            "keywords": [
                "debug",
                "debugger",
                "log",
                "logger",
                "pdo",
                "sql"
            ],
            "time": "2014-11-28 08:13:36"
        },
        {
            "name": "plasticbrain/php-flash-messages",
            "version": "v1.0.1",
            "source": {
                "type": "git",
                "url": "https://github.com/plasticbrain/PhpFlashMessages.git",
                "reference": "b565762619342057ce561de20d0f2f6e14f9aa77"
            },
            "dist": {
                "type": "zip",
                "url": "https://api.github.com/repos/plasticbrain/PhpFlashMessages/zipball/b565762619342057ce561de20d0f2f6e14f9aa77",
                "reference": "b565762619342057ce561de20d0f2f6e14f9aa77",
                "shasum": ""
            },
            "require": {
                "php": ">=5.4.0"
            },
            "type": "library",
            "autoload": {
                "psr-4": {
                    "Plasticbrain\\FlashMessages\\": "src/"
                }
            },
            "notification-url": "https://packagist.org/downloads/",
            "license": [
                "MIT"
            ],
            "authors": [
                {
                    "name": "Mike Everhart",
                    "email": "mike@plasticbrain.net"
                }
            ],
            "description": "A modern take on PHP session-based flash messages",
            "keywords": [
                "bootstrap",
                "flash",
                "messages",
                "session"
            ],
            "time": "2016-04-01 08:39:38"
        },
        {
            "name": "sobstel/metaphore",
            "version": "v1.2.4",
            "source": {
                "type": "git",
                "url": "https://github.com/sobstel/metaphore.git",
                "reference": "c1a601da3e11fa824452db5b7735d1011da5f1b6"
            },
            "dist": {
                "type": "zip",
                "url": "https://api.github.com/repos/sobstel/metaphore/zipball/c1a601da3e11fa824452db5b7735d1011da5f1b6",
                "reference": "c1a601da3e11fa824452db5b7735d1011da5f1b6",
                "shasum": ""
            },
            "require": {
                "php": ">=5.4.0"
            },
            "suggest": {
                "predis/predis": "Required for PredisStore"
            },
            "type": "library",
            "extra": {
                "branch-alias": {
                    "dev-master": "1.2.x-dev"
                }
            },
            "autoload": {
                "psr-4": {
                    "Metaphore\\Tests\\": "tests/src/",
                    "Metaphore\\": "src/"
                }
            },
            "notification-url": "https://packagist.org/downloads/",
            "license": [
                "MIT"
            ],
            "authors": [
                {
                    "name": "Przemek Sobstel",
                    "email": "przemek@sobstel.org"
                }
            ],
            "description": "PHP cache slam defense using a semaphore to prevent dogpile effect (aka clobbering updates or stampending herd).",
            "homepage": "https://github.com/sobstel/metaphore",
            "keywords": [
                "cache"
            ],
            "time": "2015-11-06 14:56:14"
        }
    ],
    "packages-dev": [],
    "aliases": [],
    "minimum-stability": "stable",
    "stability-flags": [],
    "prefer-stable": false,
    "prefer-lowest": false,
    "platform": [],
    "platform-dev": []
}
